
Microsoft Visual Studio Solution File, Format Version 12.00
# Visual Studio Version 17
VisualStudioVersion = 17.7.34202.233
MinimumVisualStudioVersion = 10.0.40219.1
Project("{FAE04EC0-301F-11D3-BF4B-00C04F79EFBC}") = "HotelListing.API", "HotelListing.API.csproj", "{1887276C-67EE-4870-B7AB-CEAFDB2A242D}"
EndProject
Global
	GlobalSection(SolutionConfigurationPlatforms) = preSolution
		Debug|Any CPU = Debug|Any CPU
		Release|Any CPU = Release|Any CPU
	EndGlobalSection
	GlobalSection(ProjectConfigurationPlatforms) = postSolution
		{1887276C-67EE-4870-B7AB-CEAFDB2A242D}.Debug|Any CPU.ActiveCfg = Debug|Any CPU
		{1887276C-67EE-4870-B7AB-CEAFDB2A242D}.Debug|Any CPU.Build.0 = Debug|Any CPU
		{1887276C-67EE-4870-B7AB-CEAFDB2A242D}.Release|Any CPU.ActiveCfg = Release|Any CPU
		{1887276C-67EE-4870-B7AB-CEAFDB2A242D}.Release|Any CPU.Build.0 = Release|Any CPU
	EndGlobalSection
	GlobalSection(SolutionProperties) = preSolution
		HideSolutionNode = FALSE
	EndGlobalSection
	GlobalSection(ExtensibilityGlobals) = postSolution
		SolutionGuid = {260128DE-78AB-42F4-AF99-057891BF7011}
	EndGlobalSection
EndGlobal
